
Microsoft Visual Studio Solution File, Format Version 12.00
# Visual Studio Version 17
Project("{8BC9CEB8-8B4A-11D0-8D11-00A0C91BC942}") = "ALL_BUILD", "ALL_BUILD.vcxproj", "{8C75F49C-D22C-3094-9BE1-FEF9FDAC7DA7}"
	ProjectSection(ProjectDependencies) = postProject
		{765910A3-F295-399B-A491-795B099266B7} = {765910A3-F295-399B-A491-795B099266B7}
		{C0FEB6CE-D97E-3906-9B77-66A3022C424A} = {C0FEB6CE-D97E-3906-9B77-66A3022C424A}
		{17B8F270-B5E7-3C35-A990-E52B3D9908FE} = {17B8F270-B5E7-3C35-A990-E52B3D9908FE}
		{AF6AE4CE-2CC1-3DBE-9BCF-B857E28FDACB} = {AF6AE4CE-2CC1-3DBE-9BCF-B857E28FDACB}
		{27BD0D37-6448-3329-8EBD-299A190D6771} = {27BD0D37-6448-3329-8EBD-299A190D6771}
	EndProjectSection
EndProject
Project("{8BC9CEB8-8B4A-11D0-8D11-00A0C91BC942}") = "INSTALL", "INSTALL.vcxproj", "{5050C49A-97A5-3FF2-9E96-8545A0462322}"
	ProjectSection(ProjectDependencies) = postProject
		{8C75F49C-D22C-3094-9BE1-FEF9FDAC7DA7} = {8C75F49C-D22C-3094-9BE1-FEF9FDAC7DA7}
		{765910A3-F295-399B-A491-795B099266B7} = {765910A3-F295-399B-A491-795B099266B7}
	EndProjectSection
EndProject
Project("{8BC9CEB8-8B4A-11D0-8D11-00A0C91BC942}") = "RUN_TESTS", "RUN_TESTS.vcxproj", "{1A7A188E-624E-3F4B-AA0F-1810614F7C76}"
	ProjectSection(ProjectDependencies) = postProject
		{765910A3-F295-399B-A491-795B099266B7} = {765910A3-F295-399B-A491-795B099266B7}
	EndProjectSection
EndProject
Project("{8BC9CEB8-8B4A-11D0-8D11-00A0C91BC942}") = "ZERO_CHECK", "..\\ZERO_CHECK.vcxproj", "{765910A3-F295-399B-A491-795B099266B7}"
	ProjectSection(ProjectDependencies) = postProject
	EndProjectSection
EndProject
Project("{8BC9CEB8-8B4A-11D0-8D11-00A0C91BC942}") = "gmock", "gmock.vcxproj", "{C0FEB6CE-D97E-3906-9B77-66A3022C424A}"
	ProjectSection(ProjectDependencies) = postProject
		{765910A3-F295-399B-A491-795B099266B7} = {765910A3-F295-399B-A491-795B099266B7}
	EndProjectSection
EndProject
Project("{8BC9CEB8-8B4A-11D0-8D11-00A0C91BC942}") = "gmock_main", "gmock_main.vcxproj", "{17B8F270-B5E7-3C35-A990-E52B3D9908FE}"
	ProjectSection(ProjectDependencies) = postProject
		{765910A3-F295-399B-A491-795B099266B7} = {765910A3-F295-399B-A491-795B099266B7}
	EndProjectSection
EndProject
Project("{8BC9CEB8-8B4A-11D0-8D11-00A0C91BC942}") = "gtest", "..\googletest\gtest.vcxproj", "{AF6AE4CE-2CC1-3DBE-9BCF-B857E28FDACB}"
	ProjectSection(ProjectDependencies) = postProject
		{765910A3-F295-399B-A491-795B099266B7} = {765910A3-F295-399B-A491-795B099266B7}
	EndProjectSection
EndProject
Project("{8BC9CEB8-8B4A-11D0-8D11-00A0C91BC942}") = "gtest_main", "..\googletest\gtest_main.vcxproj", "{27BD0D37-6448-3329-8EBD-299A190D6771}"
	ProjectSection(ProjectDependencies) = postProject
		{765910A3-F295-399B-A491-795B099266B7} = {765910A3-F295-399B-A491-795B099266B7}
		{AF6AE4CE-2CC1-3DBE-9BCF-B857E28FDACB} = {AF6AE4CE-2CC1-3DBE-9BCF-B857E28FDACB}
	EndProjectSection
EndProject
Global
	GlobalSection(SolutionConfigurationPlatforms) = preSolution
		Debug|x64 = Debug|x64
		Release|x64 = Release|x64
		MinSizeRel|x64 = MinSizeRel|x64
		RelWithDebInfo|x64 = RelWithDebInfo|x64
	EndGlobalSection
	GlobalSection(ProjectConfigurationPlatforms) = postSolution
		{8C75F49C-D22C-3094-9BE1-FEF9FDAC7DA7}.Debug|x64.ActiveCfg = Debug|x64
		{8C75F49C-D22C-3094-9BE1-FEF9FDAC7DA7}.Debug|x64.Build.0 = Debug|x64
		{8C75F49C-D22C-3094-9BE1-FEF9FDAC7DA7}.Release|x64.ActiveCfg = Release|x64
		{8C75F49C-D22C-3094-9BE1-FEF9FDAC7DA7}.Release|x64.Build.0 = Release|x64
		{8C75F49C-D22C-3094-9BE1-FEF9FDAC7DA7}.MinSizeRel|x64.ActiveCfg = MinSizeRel|x64
		{8C75F49C-D22C-3094-9BE1-FEF9FDAC7DA7}.MinSizeRel|x64.Build.0 = MinSizeRel|x64
		{8C75F49C-D22C-3094-9BE1-FEF9FDAC7DA7}.RelWithDebInfo|x64.ActiveCfg = RelWithDebInfo|x64
		{8C75F49C-D22C-3094-9BE1-FEF9FDAC7DA7}.RelWithDebInfo|x64.Build.0 = RelWithDebInfo|x64
		{5050C49A-97A5-3FF2-9E96-8545A0462322}.Debug|x64.ActiveCfg = Debug|x64
		{5050C49A-97A5-3FF2-9E96-8545A0462322}.Release|x64.ActiveCfg = Release|x64
		{5050C49A-97A5-3FF2-9E96-8545A0462322}.MinSizeRel|x64.ActiveCfg = MinSizeRel|x64
		{5050C49A-97A5-3FF2-9E96-8545A0462322}.RelWithDebInfo|x64.ActiveCfg = RelWithDebInfo|x64
		{1A7A188E-624E-3F4B-AA0F-1810614F7C76}.Debug|x64.ActiveCfg = Debug|x64
		{1A7A188E-624E-3F4B-AA0F-1810614F7C76}.Release|x64.ActiveCfg = Release|x64
		{1A7A188E-624E-3F4B-AA0F-1810614F7C76}.MinSizeRel|x64.ActiveCfg = MinSizeRel|x64
		{1A7A188E-624E-3F4B-AA0F-1810614F7C76}.RelWithDebInfo|x64.ActiveCfg = RelWithDebInfo|x64
		{765910A3-F295-399B-A491-795B099266B7}.Debug|x64.ActiveCfg = Debug|x64
		{765910A3-F295-399B-A491-795B099266B7}.Debug|x64.Build.0 = Debug|x64
		{765910A3-F295-399B-A491-795B099266B7}.Release|x64.ActiveCfg = Release|x64
		{765910A3-F295-399B-A491-795B099266B7}.Release|x64.Build.0 = Release|x64
		{765910A3-F295-399B-A491-795B099266B7}.MinSizeRel|x64.ActiveCfg = MinSizeRel|x64
		{765910A3-F295-399B-A491-795B099266B7}.MinSizeRel|x64.Build.0 = MinSizeRel|x64
		{765910A3-F295-399B-A491-795B099266B7}.RelWithDebInfo|x64.ActiveCfg = RelWithDebInfo|x64
		{765910A3-F295-399B-A491-795B099266B7}.RelWithDebInfo|x64.Build.0 = RelWithDebInfo|x64
		{C0FEB6CE-D97E-3906-9B77-66A3022C424A}.Debug|x64.ActiveCfg = Debug|x64
		{C0FEB6CE-D97E-3906-9B77-66A3022C424A}.Debug|x64.Build.0 = Debug|x64
		{C0FEB6CE-D97E-3906-9B77-66A3022C424A}.Release|x64.ActiveCfg = Release|x64
		{C0FEB6CE-D97E-3906-9B77-66A3022C424A}.Release|x64.Build.0 = Release|x64
		{C0FEB6CE-D97E-3906-9B77-66A3022C424A}.MinSizeRel|x64.ActiveCfg = MinSizeRel|x64
		{C0FEB6CE-D97E-3906-9B77-66A3022C424A}.MinSizeRel|x64.Build.0 = MinSizeRel|x64
		{C0FEB6CE-D97E-3906-9B77-66A3022C424A}.RelWithDebInfo|x64.ActiveCfg = RelWithDebInfo|x64
		{C0FEB6CE-D97E-3906-9B77-66A3022C424A}.RelWithDebInfo|x64.Build.0 = RelWithDebInfo|x64
		{17B8F270-B5E7-3C35-A990-E52B3D9908FE}.Debug|x64.ActiveCfg = Debug|x64
		{17B8F270-B5E7-3C35-A990-E52B3D9908FE}.Debug|x64.Build.0 = Debug|x64
		{17B8F270-B5E7-3C35-A990-E52B3D9908FE}.Release|x64.ActiveCfg = Release|x64
		{17B8F270-B5E7-3C35-A990-E52B3D9908FE}.Release|x64.Build.0 = Release|x64
		{17B8F270-B5E7-3C35-A990-E52B3D9908FE}.MinSizeRel|x64.ActiveCfg = MinSizeRel|x64
		{17B8F270-B5E7-3C35-A990-E52B3D9908FE}.MinSizeRel|x64.Build.0 = MinSizeRel|x64
		{17B8F270-B5E7-3C35-A990-E52B3D9908FE}.RelWithDebInfo|x64.ActiveCfg = RelWithDebInfo|x64
		{17B8F270-B5E7-3C35-A990-E52B3D9908FE}.RelWithDebInfo|x64.Build.0 = RelWithDebInfo|x64
		{AF6AE4CE-2CC1-3DBE-9BCF-B857E28FDACB}.Debug|x64.ActiveCfg = Debug|x64
		{AF6AE4CE-2CC1-3DBE-9BCF-B857E28FDACB}.Debug|x64.Build.0 = Debug|x64
		{AF6AE4CE-2CC1-3DBE-9BCF-B857E28FDACB}.Release|x64.ActiveCfg = Release|x64
		{AF6AE4CE-2CC1-3DBE-9BCF-B857E28FDACB}.Release|x64.Build.0 = Release|x64
		{AF6AE4CE-2CC1-3DBE-9BCF-B857E28FDACB}.MinSizeRel|x64.ActiveCfg = MinSizeRel|x64
		{AF6AE4CE-2CC1-3DBE-9BCF-B857E28FDACB}.MinSizeRel|x64.Build.0 = MinSizeRel|x64
		{AF6AE4CE-2CC1-3DBE-9BCF-B857E28FDACB}.RelWithDebInfo|x64.ActiveCfg = RelWithDebInfo|x64
		{AF6AE4CE-2CC1-3DBE-9BCF-B857E28FDACB}.RelWithDebInfo|x64.Build.0 = RelWithDebInfo|x64
		{27BD0D37-6448-3329-8EBD-299A190D6771}.Debug|x64.ActiveCfg = Debug|x64
		{27BD0D37-6448-3329-8EBD-299A190D6771}.Debug|x64.Build.0 = Debug|x64
		{27BD0D37-6448-3329-8EBD-299A190D6771}.Release|x64.ActiveCfg = Release|x64
		{27BD0D37-6448-3329-8EBD-299A190D6771}.Release|x64.Build.0 = Release|x64
		{27BD0D37-6448-3329-8EBD-299A190D6771}.MinSizeRel|x64.ActiveCfg = MinSizeRel|x64
		{27BD0D37-6448-3329-8EBD-299A190D6771}.MinSizeRel|x64.Build.0 = MinSizeRel|x64
		{27BD0D37-6448-3329-8EBD-299A190D6771}.RelWithDebInfo|x64.ActiveCfg = RelWithDebInfo|x64
		{27BD0D37-6448-3329-8EBD-299A190D6771}.RelWithDebInfo|x64.Build.0 = RelWithDebInfo|x64
	EndGlobalSection
	GlobalSection(ExtensibilityGlobals) = postSolution
		SolutionGuid = {888CEE18-8372-3C78-A7FC-7A48CC9BA236}
	EndGlobalSection
	GlobalSection(ExtensibilityAddIns) = postSolution
	EndGlobalSection
EndGlobal
