<?xml version="1.0" encoding="utf-8"?>
<Project ToolsVersion="17.0" xmlns="http://schemas.microsoft.com/developer/msbuild/2003">
  <ItemGroup>
    <ClCompile Include="C:\Users\valat\OneDrive\Stalinis kompiuteris\uni\objektinis\googletest-main\googletest\src\gtest-all.cc">
      <Filter>Source Files</Filter>
    </ClCompile>
  </ItemGroup>
  <ItemGroup>
    <CustomBuild Include="C:\Users\valat\OneDrive\Stalinis kompiuteris\uni\objektinis\googletest-main\googletest\CMakeLists.txt" />
  </ItemGroup>
  <ItemGroup>
    <Filter Include="Source Files">
      <UniqueIdentifier>{6D53BC0D-59EB-32DA-A214-6AB9F5016BDA}</UniqueIdentifier>
    </Filter>
  </ItemGroup>
</Project>
